
Microsoft Visual Studio Solution File, Format Version 12.00
# Visual Studio Version 17
VisualStudioVersion = 17.1.32421.90
MinimumVisualStudioVersion = 10.0.40219.1
Project("{FAE04EC0-301F-11D3-BF4B-00C04F79EFBC}") = "ITP_1_3_B", "ITP_1_3_B\ITP_1_3_B.csproj", "{3BF2E2DD-8B1F-4271-9AEA-F7B354DA9CAA}"
EndProject
Global
	GlobalSection(SolutionConfigurationPlatforms) = preSolution
		Debug|Any CPU = Debug|Any CPU
		Release|Any CPU = Release|Any CPU
	EndGlobalSection
	GlobalSection(ProjectConfigurationPlatforms) = postSolution
		{3BF2E2DD-8B1F-4271-9AEA-F7B354DA9CAA}.Debug|Any CPU.ActiveCfg = Debug|Any CPU
		{3BF2E2DD-8B1F-4271-9AEA-F7B354DA9CAA}.Debug|Any CPU.Build.0 = Debug|Any CPU
		{3BF2E2DD-8B1F-4271-9AEA-F7B354DA9CAA}.Release|Any CPU.ActiveCfg = Release|Any CPU
		{3BF2E2DD-8B1F-4271-9AEA-F7B354DA9CAA}.Release|Any CPU.Build.0 = Release|Any CPU
	EndGlobalSection
	GlobalSection(SolutionProperties) = preSolution
		HideSolutionNode = FALSE
	EndGlobalSection
	GlobalSection(ExtensibilityGlobals) = postSolution
		SolutionGuid = {A3D35F2A-9BB4-4252-9CEE-8A6B788DDB90}
	EndGlobalSection
EndGlobal
